
Microsoft Visual Studio Solution File, Format Version 10.00
# Visual Studio 2008
Project("{D183A3D8-5FD8-494B-B014-37F57B35E655}") = "Champs Test", "Champs Test\Champs Test.dtproj", "{DF351EBD-BC6E-4B68-90FA-58FDC9099109}"
EndProject
Global
	GlobalSection(SolutionConfigurationPlatforms) = preSolution
		Development|Default = Development|Default
	EndGlobalSection
	GlobalSection(ProjectConfigurationPlatforms) = postSolution
		{DF351EBD-BC6E-4B68-90FA-58FDC9099109}.Development|Default.ActiveCfg = Development
		{DF351EBD-BC6E-4B68-90FA-58FDC9099109}.Development|Default.Build.0 = Development
	EndGlobalSection
	GlobalSection(SolutionProperties) = preSolution
		HideSolutionNode = FALSE
	EndGlobalSection
EndGlobal
